
Microsoft Visual Studio Solution File, Format Version 12.00
# Visual Studio Version 16
VisualStudioVersion = 16.0.31129.286
MinimumVisualStudioVersion = 10.0.40219.1
Project("{FAE04EC0-301F-11D3-BF4B-00C04F79EFBC}") = "listExercises", "listExercises\listExercises.csproj", "{5682CD63-3F0B-4F65-8E23-61E0DC5BD62F}"
EndProject
Global
	GlobalSection(SolutionConfigurationPlatforms) = preSolution
		Debug|Any CPU = Debug|Any CPU
		Release|Any CPU = Release|Any CPU
	EndGlobalSection
	GlobalSection(ProjectConfigurationPlatforms) = postSolution
		{5682CD63-3F0B-4F65-8E23-61E0DC5BD62F}.Debug|Any CPU.ActiveCfg = Debug|Any CPU
		{5682CD63-3F0B-4F65-8E23-61E0DC5BD62F}.Debug|Any CPU.Build.0 = Debug|Any CPU
		{5682CD63-3F0B-4F65-8E23-61E0DC5BD62F}.Release|Any CPU.ActiveCfg = Release|Any CPU
		{5682CD63-3F0B-4F65-8E23-61E0DC5BD62F}.Release|Any CPU.Build.0 = Release|Any CPU
	EndGlobalSection
	GlobalSection(SolutionProperties) = preSolution
		HideSolutionNode = FALSE
	EndGlobalSection
	GlobalSection(ExtensibilityGlobals) = postSolution
		SolutionGuid = {445982D6-BF68-4884-86D4-C75971FE2CFC}
	EndGlobalSection
EndGlobal
