
Microsoft Visual Studio Solution File, Format Version 12.00
# Visual Studio Version 16
VisualStudioVersion = 16.0.31129.286
MinimumVisualStudioVersion = 10.0.40219.1
Project("{FAE04EC0-301F-11D3-BF4B-00C04F79EFBC}") = "iterationExercises", "iterationExercises\iterationExercises.csproj", "{4024E163-C4B9-4D89-83B4-17EA53012318}"
EndProject
Global
	GlobalSection(SolutionConfigurationPlatforms) = preSolution
		Debug|Any CPU = Debug|Any CPU
		Release|Any CPU = Release|Any CPU
	EndGlobalSection
	GlobalSection(ProjectConfigurationPlatforms) = postSolution
		{4024E163-C4B9-4D89-83B4-17EA53012318}.Debug|Any CPU.ActiveCfg = Debug|Any CPU
		{4024E163-C4B9-4D89-83B4-17EA53012318}.Debug|Any CPU.Build.0 = Debug|Any CPU
		{4024E163-C4B9-4D89-83B4-17EA53012318}.Release|Any CPU.ActiveCfg = Release|Any CPU
		{4024E163-C4B9-4D89-83B4-17EA53012318}.Release|Any CPU.Build.0 = Release|Any CPU
	EndGlobalSection
	GlobalSection(SolutionProperties) = preSolution
		HideSolutionNode = FALSE
	EndGlobalSection
	GlobalSection(ExtensibilityGlobals) = postSolution
		SolutionGuid = {D4991E4D-2161-44EB-8347-BFDEEECF0607}
	EndGlobalSection
EndGlobal
